
Microsoft Visual Studio Solution File, Format Version 12.00
# Visual Studio Version 17
VisualStudioVersion = 17.0.31903.59
MinimumVisualStudioVersion = 10.0.40219.1
Project("{FAE04EC0-301F-11D3-BF4B-00C04F79EFBC}") = "API", "API\API.csproj", "{CF9246F4-5767-422E-9C20-84417B5EF006}"
EndProject
Project("{FAE04EC0-301F-11D3-BF4B-00C04F79EFBC}") = "Application", "Application\Application.csproj", "{0A333E16-2D10-4F9E-B717-D7BC39C2186B}"
EndProject
Project("{FAE04EC0-301F-11D3-BF4B-00C04F79EFBC}") = "Domain", "Domain\Domain.csproj", "{073A78FE-4919-4B7F-BBC5-43FFF2238E53}"
EndProject
Project("{FAE04EC0-301F-11D3-BF4B-00C04F79EFBC}") = "Persistence", "Persistence\Persistence.csproj", "{236B1400-44DB-41C9-83BD-ED9CA9898B23}"
EndProject
Global
	GlobalSection(SolutionConfigurationPlatforms) = preSolution
		Debug|Any CPU = Debug|Any CPU
		Debug|x64 = Debug|x64
		Debug|x86 = Debug|x86
		Release|Any CPU = Release|Any CPU
		Release|x64 = Release|x64
		Release|x86 = Release|x86
	EndGlobalSection
	GlobalSection(ProjectConfigurationPlatforms) = postSolution
		{CF9246F4-5767-422E-9C20-84417B5EF006}.Debug|Any CPU.ActiveCfg = Debug|Any CPU
		{CF9246F4-5767-422E-9C20-84417B5EF006}.Debug|Any CPU.Build.0 = Debug|Any CPU
		{CF9246F4-5767-422E-9C20-84417B5EF006}.Debug|x64.ActiveCfg = Debug|Any CPU
		{CF9246F4-5767-422E-9C20-84417B5EF006}.Debug|x64.Build.0 = Debug|Any CPU
		{CF9246F4-5767-422E-9C20-84417B5EF006}.Debug|x86.ActiveCfg = Debug|Any CPU
		{CF9246F4-5767-422E-9C20-84417B5EF006}.Debug|x86.Build.0 = Debug|Any CPU
		{CF9246F4-5767-422E-9C20-84417B5EF006}.Release|Any CPU.ActiveCfg = Release|Any CPU
		{CF9246F4-5767-422E-9C20-84417B5EF006}.Release|Any CPU.Build.0 = Release|Any CPU
		{CF9246F4-5767-422E-9C20-84417B5EF006}.Release|x64.ActiveCfg = Release|Any CPU
		{CF9246F4-5767-422E-9C20-84417B5EF006}.Release|x64.Build.0 = Release|Any CPU
		{CF9246F4-5767-422E-9C20-84417B5EF006}.Release|x86.ActiveCfg = Release|Any CPU
		{CF9246F4-5767-422E-9C20-84417B5EF006}.Release|x86.Build.0 = Release|Any CPU
		{0A333E16-2D10-4F9E-B717-D7BC39C2186B}.Debug|Any CPU.ActiveCfg = Debug|Any CPU
		{0A333E16-2D10-4F9E-B717-D7BC39C2186B}.Debug|Any CPU.Build.0 = Debug|Any CPU
		{0A333E16-2D10-4F9E-B717-D7BC39C2186B}.Debug|x64.ActiveCfg = Debug|Any CPU
		{0A333E16-2D10-4F9E-B717-D7BC39C2186B}.Debug|x64.Build.0 = Debug|Any CPU
		{0A333E16-2D10-4F9E-B717-D7BC39C2186B}.Debug|x86.ActiveCfg = Debug|Any CPU
		{0A333E16-2D10-4F9E-B717-D7BC39C2186B}.Debug|x86.Build.0 = Debug|Any CPU
		{0A333E16-2D10-4F9E-B717-D7BC39C2186B}.Release|Any CPU.ActiveCfg = Release|Any CPU
		{0A333E16-2D10-4F9E-B717-D7BC39C2186B}.Release|Any CPU.Build.0 = Release|Any CPU
		{0A333E16-2D10-4F9E-B717-D7BC39C2186B}.Release|x64.ActiveCfg = Release|Any CPU
		{0A333E16-2D10-4F9E-B717-D7BC39C2186B}.Release|x64.Build.0 = Release|Any CPU
		{0A333E16-2D10-4F9E-B717-D7BC39C2186B}.Release|x86.ActiveCfg = Release|Any CPU
		{0A333E16-2D10-4F9E-B717-D7BC39C2186B}.Release|x86.Build.0 = Release|Any CPU
		{073A78FE-4919-4B7F-BBC5-43FFF2238E53}.Debug|Any CPU.ActiveCfg = Debug|Any CPU
		{073A78FE-4919-4B7F-BBC5-43FFF2238E53}.Debug|Any CPU.Build.0 = Debug|Any CPU
		{073A78FE-4919-4B7F-BBC5-43FFF2238E53}.Debug|x64.ActiveCfg = Debug|Any CPU
		{073A78FE-4919-4B7F-BBC5-43FFF2238E53}.Debug|x64.Build.0 = Debug|Any CPU
		{073A78FE-4919-4B7F-BBC5-43FFF2238E53}.Debug|x86.ActiveCfg = Debug|Any CPU
		{073A78FE-4919-4B7F-BBC5-43FFF2238E53}.Debug|x86.Build.0 = Debug|Any CPU
		{073A78FE-4919-4B7F-BBC5-43FFF2238E53}.Release|Any CPU.ActiveCfg = Release|Any CPU
		{073A78FE-4919-4B7F-BBC5-43FFF2238E53}.Release|Any CPU.Build.0 = Release|Any CPU
		{073A78FE-4919-4B7F-BBC5-43FFF2238E53}.Release|x64.ActiveCfg = Release|Any CPU
		{073A78FE-4919-4B7F-BBC5-43FFF2238E53}.Release|x64.Build.0 = Release|Any CPU
		{073A78FE-4919-4B7F-BBC5-43FFF2238E53}.Release|x86.ActiveCfg = Release|Any CPU
		{073A78FE-4919-4B7F-BBC5-43FFF2238E53}.Release|x86.Build.0 = Release|Any CPU
		{236B1400-44DB-41C9-83BD-ED9CA9898B23}.Debug|Any CPU.ActiveCfg = Debug|Any CPU
		{236B1400-44DB-41C9-83BD-ED9CA9898B23}.Debug|Any CPU.Build.0 = Debug|Any CPU
		{236B1400-44DB-41C9-83BD-ED9CA9898B23}.Debug|x64.ActiveCfg = Debug|Any CPU
		{236B1400-44DB-41C9-83BD-ED9CA9898B23}.Debug|x64.Build.0 = Debug|Any CPU
		{236B1400-44DB-41C9-83BD-ED9CA9898B23}.Debug|x86.ActiveCfg = Debug|Any CPU
		{236B1400-44DB-41C9-83BD-ED9CA9898B23}.Debug|x86.Build.0 = Debug|Any CPU
		{236B1400-44DB-41C9-83BD-ED9CA9898B23}.Release|Any CPU.ActiveCfg = Release|Any CPU
		{236B1400-44DB-41C9-83BD-ED9CA9898B23}.Release|Any CPU.Build.0 = Release|Any CPU
		{236B1400-44DB-41C9-83BD-ED9CA9898B23}.Release|x64.ActiveCfg = Release|Any CPU
		{236B1400-44DB-41C9-83BD-ED9CA9898B23}.Release|x64.Build.0 = Release|Any CPU
		{236B1400-44DB-41C9-83BD-ED9CA9898B23}.Release|x86.ActiveCfg = Release|Any CPU
		{236B1400-44DB-41C9-83BD-ED9CA9898B23}.Release|x86.Build.0 = Release|Any CPU
	EndGlobalSection
	GlobalSection(SolutionProperties) = preSolution
		HideSolutionNode = FALSE
	EndGlobalSection
EndGlobal
